// !$*UTF8*$!
{
	archiveVersion = 1;
	classes = {
	};
	objectVersion = 56;
	objects = {

/* Begin PBXBuildFile section */
		2791F4C12BE12B7B0093EA88 /* SusMonitorAppApp.swift in Sources */ = {isa = PBXBuildFile; fileRef = 2791F4C02BE12B7B0093EA88 /* SusMonitorAppApp.swift */; };
		2791F4C32BE12B7B0093EA88 /* ContentView.swift in Sources */ = {isa = PBXBuildFile; fileRef = 2791F4C22BE12B7B0093EA88 /* ContentView.swift */; };
		2791F4C52BE12B7C0093EA88 /* Assets.xcassets in Resources */ = {isa = PBXBuildFile; fileRef = 2791F4C42BE12B7C0093EA88 /* Assets.xcassets */; };
		2791F4C82BE12B7C0093EA88 /* Preview Assets.xcassets in Resources */ = {isa = PBXBuildFile; fileRef = 2791F4C72BE12B7C0093EA88 /* Preview Assets.xcassets */; };
		2791F4D32BE12B7D0093EA88 /* SusMonitorAppTests.swift in Sources */ = {isa = PBXBuildFile; fileRef = 2791F4D22BE12B7D0093EA88 /* SusMonitorAppTests.swift */; };
		2791F4DD2BE12B7D0093EA88 /* SusMonitorAppUITests.swift in Sources */ = {isa = PBXBuildFile; fileRef = 2791F4DC2BE12B7D0093EA88 /* SusMonitorAppUITests.swift */; };
		2791F4DF2BE12B7D0093EA88 /* SusMonitorAppUITestsLaunchTests.swift in Sources */ = {isa = PBXBuildFile; fileRef = 2791F4DE2BE12B7D0093EA88 /* SusMonitorAppUITestsLaunchTests.swift */; };
/* End PBXBuildFile section */

/* Begin PBXContainerItemProxy section */
		2791F4CF2BE12B7D0093EA88 /* PBXContainerItemProxy */ = {
			isa = PBXContainerItemProxy;
			containerPortal = 2791F4B52BE12B7B0093EA88 /* Project object */;
			proxyType = 1;
			remoteGlobalIDString = 2791F4BC2BE12B7B0093EA88;
			remoteInfo = SusMonitorApp;
		};
		2791F4D92BE12B7D0093EA88 /* PBXContainerItemProxy */ = {
			isa = PBXContainerItemProxy;
			containerPortal = 2791F4B52BE12B7B0093EA88 /* Project object */;
			proxyType = 1;
			remoteGlobalIDString = 2791F4BC2BE12B7B0093EA88;
			remoteInfo = SusMonitorApp;
		};
/* End PBXContainerItemProxy section */

/* Begin PBXFileReference section */
		2791F4BD2BE12B7B0093EA88 /* SusMonitorApp.app */ = {isa = PBXFileReference; explicitFileType = wrapper.application; includeInIndex = 0; path = SusMonitorApp.app; sourceTree = BUILT_PRODUCTS_DIR; };
		2791F4C02BE12B7B0093EA88 /* SusMonitorAppApp.swift */ = {isa = PBXFileReference; lastKnownFileType = sourcecode.swift; path = SusMonitorAppApp.swift; sourceTree = "<group>"; };
		2791F4C22BE12B7B0093EA88 /* ContentView.swift */ = {isa = PBXFileReference; lastKnownFileType = sourcecode.swift; path = ContentView.swift; sourceTree = "<group>"; };
		2791F4C42BE12B7C0093EA88 /* Assets.xcassets */ = {isa = PBXFileReference; lastKnownFileType = folder.assetcatalog; path = Assets.xcassets; sourceTree = "<group>"; };
		2791F4C72BE12B7C0093EA88 /* Preview Assets.xcassets */ = {isa = PBXFileReference; lastKnownFileType = folder.assetcatalog; path = "Preview Assets.xcassets"; sourceTree = "<group>"; };
		2791F4C92BE12B7C0093EA88 /* SusMonitorApp.entitlements */ = {isa = PBXFileReference; lastKnownFileType = text.plist.entitlements; path = SusMonitorApp.entitlements; sourceTree = "<group>"; };
		2791F4CE2BE12B7D0093EA88 /* SusMonitorAppTests.xctest */ = {isa = PBXFileReference; explicitFileType = wrapper.cfbundle; includeInIndex = 0; path = SusMonitorAppTests.xctest; sourceTree = BUILT_PRODUCTS_DIR; };
		2791F4D22BE12B7D0093EA88 /* SusMonitorAppTests.swift */ = {isa = PBXFileReference; lastKnownFileType = sourcecode.swift; path = SusMonitorAppTests.swift; sourceTree = "<group>"; };
		2791F4D82BE12B7D0093EA88 /* SusMonitorAppUITests.xctest */ = {isa = PBXFileReference; explicitFileType = wrapper.cfbundle; includeInIndex = 0; path = SusMonitorAppUITests.xctest; sourceTree = BUILT_PRODUCTS_DIR; };
		2791F4DC2BE12B7D0093EA88 /* SusMonitorAppUITests.swift */ = {isa = PBXFileReference; lastKnownFileType = sourcecode.swift; path = SusMonitorAppUITests.swift; sourceTree = "<group>"; };
		2791F4DE2BE12B7D0093EA88 /* SusMonitorAppUITestsLaunchTests.swift */ = {isa = PBXFileReference; lastKnownFileType = sourcecode.swift; path = SusMonitorAppUITestsLaunchTests.swift; sourceTree = "<group>"; };
/* End PBXFileReference section */

/* Begin PBXFrameworksBuildPhase section */
		2791F4BA2BE12B7B0093EA88 /* Frameworks */ = {
			isa = PBXFrameworksBuildPhase;
			buildActionMask = 2147483647;
			files = (
			);
			runOnlyForDeploymentPostprocessing = 0;
		};
		2791F4CB2BE12B7D0093EA88 /* Frameworks */ = {
			isa = PBXFrameworksBuildPhase;
			buildActionMask = 2147483647;
			files = (
			);
			runOnlyForDeploymentPostprocessing = 0;
		};
		2791F4D52BE12B7D0093EA88 /* Frameworks */ = {
			isa = PBXFrameworksBuildPhase;
			buildActionMask = 2147483647;
			files = (
			);
			runOnlyForDeploymentPostprocessing = 0;
		};
/* End PBXFrameworksBuildPhase section */

/* Begin PBXGroup section */
		2791F4B42BE12B7B0093EA88 = {
			isa = PBXGroup;
			children = (
				2791F4BF2BE12B7B0093EA88 /* SusMonitorApp */,
				2791F4D12BE12B7D0093EA88 /* SusMonitorAppTests */,
				2791F4DB2BE12B7D0093EA88 /* SusMonitorAppUITests */,
				2791F4BE2BE12B7B0093EA88 /* Products */,
			);
			sourceTree = "<group>";
		};
		2791F4BE2BE12B7B0093EA88 /* Products */ = {
			isa = PBXGroup;
			children = (
				2791F4BD2BE12B7B0093EA88 /* SusMonitorApp.app */,
				2791F4CE2BE12B7D0093EA88 /* SusMonitorAppTests.xctest */,
				2791F4D82BE12B7D0093EA88 /* SusMonitorAppUITests.xctest */,
			);
			name = Products;
			sourceTree = "<group>";
		};
		2791F4BF2BE12B7B0093EA88 /* SusMonitorApp */ = {
			isa = PBXGroup;
			children = (
				2791F4C02BE12B7B0093EA88 /* SusMonitorAppApp.swift */,
				2791F4C22BE12B7B0093EA88 /* ContentView.swift */,
				2791F4C42BE12B7C0093EA88 /* Assets.xcassets */,
				2791F4C92BE12B7C0093EA88 /* SusMonitorApp.entitlements */,
				2791F4C62BE12B7C0093EA88 /* Preview Content */,
			);
			path = SusMonitorApp;
			sourceTree = "<group>";
		};
		2791F4C62BE12B7C0093EA88 /* Preview Content */ = {
			isa = PBXGroup;
			children = (
				2791F4C72BE12B7C0093EA88 /* Preview Assets.xcassets */,
			);
			path = "Preview Content";
			sourceTree = "<group>";
		};
		2791F4D12BE12B7D0093EA88 /* SusMonitorAppTests */ = {
			isa = PBXGroup;
			children = (
				2791F4D22BE12B7D0093EA88 /* SusMonitorAppTests.swift */,
			);
			path = SusMonitorAppTests;
			sourceTree = "<group>";
		};
		2791F4DB2BE12B7D0093EA88 /* SusMonitorAppUITests */ = {
			isa = PBXGroup;
			children = (
				2791F4DC2BE12B7D0093EA88 /* SusMonitorAppUITests.swift */,
				2791F4DE2BE12B7D0093EA88 /* SusMonitorAppUITestsLaunchTests.swift */,
			);
			path = SusMonitorAppUITests;
			sourceTree = "<group>";
		};
/* End PBXGroup section */

/* Begin PBXNativeTarget section */
		2791F4BC2BE12B7B0093EA88 /* SusMonitorApp */ = {
			isa = PBXNativeTarget;
			buildConfigurationList = 2791F4E22BE12B7D0093EA88 /* Build configuration list for PBXNativeTarget "SusMonitorApp" */;
			buildPhases = (
				2791F4B92BE12B7B0093EA88 /* Sources */,
				2791F4BA2BE12B7B0093EA88 /* Frameworks */,
				2791F4BB2BE12B7B0093EA88 /* Resources */,
			);
			buildRules = (
			);
			dependencies = (
			);
			name = SusMonitorApp;
			productName = SusMonitorApp;
			productReference = 2791F4BD2BE12B7B0093EA88 /* SusMonitorApp.app */;
			productType = "com.apple.product-type.application";
		};
		2791F4CD2BE12B7D0093EA88 /* SusMonitorAppTests */ = {
			isa = PBXNativeTarget;
			buildConfigurationList = 2791F4E52BE12B7D0093EA88 /* Build configuration list for PBXNativeTarget "SusMonitorAppTests" */;
			buildPhases = (
				2791F4CA2BE12B7D0093EA88 /* Sources */,
				2791F4CB2BE12B7D0093EA88 /* Frameworks */,
				2791F4CC2BE12B7D0093EA88 /* Resources */,
			);
			buildRules = (
			);
			dependencies = (
				2791F4D02BE12B7D0093EA88 /* PBXTargetDependency */,
			);
			name = SusMonitorAppTests;
			productName = SusMonitorAppTests;
			productReference = 2791F4CE2BE12B7D0093EA88 /* SusMonitorAppTests.xctest */;
			productType = "com.apple.product-type.bundle.unit-test";
		};
		2791F4D72BE12B7D0093EA88 /* SusMonitorAppUITests */ = {
			isa = PBXNativeTarget;
			buildConfigurationList = 2791F4E82BE12B7D0093EA88 /* Build configuration list for PBXNativeTarget "SusMonitorAppUITests" */;
			buildPhases = (
				2791F4D42BE12B7D0093EA88 /* Sources */,
				2791F4D52BE12B7D0093EA88 /* Frameworks */,
				2791F4D62BE12B7D0093EA88 /* Resources */,
			);
			buildRules = (
			);
			dependencies = (
				2791F4DA2BE12B7D0093EA88 /* PBXTargetDependency */,
			);
			name = SusMonitorAppUITests;
			productName = SusMonitorAppUITests;
			productReference = 2791F4D82BE12B7D0093EA88 /* SusMonitorAppUITests.xctest */;
			productType = "com.apple.product-type.bundle.ui-testing";
		};
/* End PBXNativeTarget section */

/* Begin PBXProject section */
		2791F4B52BE12B7B0093EA88 /* Project object */ = {
			isa = PBXProject;
			attributes = {
				BuildIndependentTargetsInParallel = 1;
				LastSwiftUpdateCheck = 1530;
				LastUpgradeCheck = 1530;
				TargetAttributes = {
					2791F4BC2BE12B7B0093EA88 = {
						CreatedOnToolsVersion = 15.3;
					};
					2791F4CD2BE12B7D0093EA88 = {
						CreatedOnToolsVersion = 15.3;
						TestTargetID = 2791F4BC2BE12B7B0093EA88;
					};
					2791F4D72BE12B7D0093EA88 = {
						CreatedOnToolsVersion = 15.3;
						TestTargetID = 2791F4BC2BE12B7B0093EA88;
					};
				};
			};
			buildConfigurationList = 2791F4B82BE12B7B0093EA88 /* Build configuration list for PBXProject "SusMonitorApp" */;
			compatibilityVersion = "Xcode 14.0";
			developmentRegion = en;
			hasScannedForEncodings = 0;
			knownRegions = (
				en,
				Base,
			);
			mainGroup = 2791F4B42BE12B7B0093EA88;
			productRefGroup = 2791F4BE2BE12B7B0093EA88 /* Products */;
			projectDirPath = "";
			projectRoot = "";
			targets = (
				2791F4BC2BE12B7B0093EA88 /* SusMonitorApp */,
				2791F4CD2BE12B7D0093EA88 /* SusMonitorAppTests */,
				2791F4D72BE12B7D0093EA88 /* SusMonitorAppUITests */,
			);
		};
/* End PBXProject section */

/* Begin PBXResourcesBuildPhase section */
		2791F4BB2BE12B7B0093EA88 /* Resources */ = {
			isa = PBXResourcesBuildPhase;
			buildActionMask = 2147483647;
			files = (
				2791F4C82BE12B7C0093EA88 /* Preview Assets.xcassets in Resources */,
				2791F4C52BE12B7C0093EA88 /* Assets.xcassets in Resources */,
			);
			runOnlyForDeploymentPostprocessing = 0;
		};
		2791F4CC2BE12B7D0093EA88 /* Resources */ = {
			isa = PBXResourcesBuildPhase;
			buildActionMask = 2147483647;
			files = (
			);
			runOnlyForDeploymentPostprocessing = 0;
		};
		2791F4D62BE12B7D0093EA88 /* Resources */ = {
			isa = PBXResourcesBuildPhase;
			buildActionMask = 2147483647;
			files = (
			);
			runOnlyForDeploymentPostprocessing = 0;
		};
/* End PBXResourcesBuildPhase section */

/* Begin PBXSourcesBuildPhase section */
		2791F4B92BE12B7B0093EA88 /* Sources */ = {
			isa = PBXSourcesBuildPhase;
			buildActionMask = 2147483647;
			files = (
				2791F4C32BE12B7B0093EA88 /* ContentView.swift in Sources */,
				2791F4C12BE12B7B0093EA88 /* SusMonitorAppApp.swift in Sources */,
			);
			runOnlyForDeploymentPostprocessing = 0;
		};
		2791F4CA2BE12B7D0093EA88 /* Sources */ = {
			isa = PBXSourcesBuildPhase;
			buildActionMask = 2147483647;
			files = (
				2791F4D32BE12B7D0093EA88 /* SusMonitorAppTests.swift in Sources */,
			);
			runOnlyForDeploymentPostprocessing = 0;
		};
		2791F4D42BE12B7D0093EA88 /* Sources */ = {
			isa = PBXSourcesBuildPhase;
			buildActionMask = 2147483647;
			files = (
				2791F4DD2BE12B7D0093EA88 /* SusMonitorAppUITests.swift in Sources */,
				2791F4DF2BE12B7D0093EA88 /* SusMonitorAppUITestsLaunchTests.swift in Sources */,
			);
			runOnlyForDeploymentPostprocessing = 0;
		};
/* End PBXSourcesBuildPhase section */

/* Begin PBXTargetDependency section */
		2791F4D02BE12B7D0093EA88 /* PBXTargetDependency */ = {
			isa = PBXTargetDependency;
			target = 2791F4BC2BE12B7B0093EA88 /* SusMonitorApp */;
			targetProxy = 2791F4CF2BE12B7D0093EA88 /* PBXContainerItemProxy */;
		};
		2791F4DA2BE12B7D0093EA88 /* PBXTargetDependency */ = {
			isa = PBXTargetDependency;
			target = 2791F4BC2BE12B7B0093EA88 /* SusMonitorApp */;
			targetProxy = 2791F4D92BE12B7D0093EA88 /* PBXContainerItemProxy */;
		};
/* End PBXTargetDependency section */

/* Begin XCBuildConfiguration section */
		2791F4E02BE12B7D0093EA88 /* Debug */ = {
			isa = XCBuildConfiguration;
			buildSettings = {
				ALWAYS_SEARCH_USER_PATHS = NO;
				ASSETCATALOG_COMPILER_GENERATE_SWIFT_ASSET_SYMBOL_EXTENSIONS = YES;
				CLANG_ANALYZER_NONNULL = YES;
				CLANG_ANALYZER_NUMBER_OBJECT_CONVERSION = YES_AGGRESSIVE;
				CLANG_CXX_LANGUAGE_STANDARD = "gnu++20";
				CLANG_ENABLE_MODULES = YES;
				CLANG_ENABLE_OBJC_ARC = YES;
				CLANG_ENABLE_OBJC_WEAK = YES;
				CLANG_WARN_BLOCK_CAPTURE_AUTORELEASING = YES;
				CLANG_WARN_BOOL_CONVERSION = YES;
				CLANG_WARN_COMMA = YES;
				CLANG_WARN_CONSTANT_CONVERSION = YES;
				CLANG_WARN_DEPRECATED_OBJC_IMPLEMENTATIONS = YES;
				CLANG_WARN_DIRECT_OBJC_ISA_USAGE = YES_ERROR;
				CLANG_WARN_DOCUMENTATION_COMMENTS = YES;
				CLANG_WARN_EMPTY_BODY = YES;
				CLANG_WARN_ENUM_CONVERSION = YES;
				CLANG_WARN_INFINITE_RECURSION = YES;
				CLANG_WARN_INT_CONVERSION = YES;
				CLANG_WARN_NON_LITERAL_NULL_CONVERSION = YES;
				CLANG_WARN_OBJC_IMPLICIT_RETAIN_SELF = YES;
				CLANG_WARN_OBJC_LITERAL_CONVERSION = YES;
				CLANG_WARN_OBJC_ROOT_CLASS = YES_ERROR;
				CLANG_WARN_QUOTED_INCLUDE_IN_FRAMEWORK_HEADER = YES;
				CLANG_WARN_RANGE_LOOP_ANALYSIS = YES;
				CLANG_WARN_STRICT_PROTOTYPES = YES;
				CLANG_WARN_SUSPICIOUS_MOVE = YES;
				CLANG_WARN_UNGUARDED_AVAILABILITY = YES_AGGRESSIVE;
				CLANG_WARN_UNREACHABLE_CODE = YES;
				CLANG_WARN__DUPLICATE_METHOD_MATCH = YES;
				COPY_PHASE_STRIP = NO;
				DEBUG_INFORMATION_FORMAT = dwarf;
				ENABLE_STRICT_OBJC_MSGSEND = YES;
				ENABLE_TESTABILITY = YES;
				ENABLE_USER_SCRIPT_SANDBOXING = YES;
				GCC_C_LANGUAGE_STANDARD = gnu17;
				GCC_DYNAMIC_NO_PIC = NO;
				GCC_NO_COMMON_BLOCKS = YES;
				GCC_OPTIMIZATION_LEVEL = 0;
				GCC_PREPROCESSOR_DEFINITIONS = (
					"DEBUG=1",
					"$(inherited)",
				);
				GCC_WARN_64_TO_32_BIT_CONVERSION = YES;
				GCC_WARN_ABOUT_RETURN_TYPE = YES_ERROR;
				GCC_WARN_UNDECLARED_SELECTOR = YES;
				GCC_WARN_UNINITIALIZED_AUTOS = YES_AGGRESSIVE;
				GCC_WARN_UNUSED_FUNCTION = YES;
				GCC_WARN_UNUSED_VARIABLE = YES;
				LOCALIZATION_PREFERS_STRING_CATALOGS = YES;
				MACOSX_DEPLOYMENT_TARGET = 14.4;
				MTL_ENABLE_DEBUG_INFO = INCLUDE_SOURCE;
				MTL_FAST_MATH = YES;
				ONLY_ACTIVE_ARCH = YES;
				SDKROOT = macosx;
				SWIFT_ACTIVE_COMPILATION_CONDITIONS = "DEBUG $(inherited)";
				SWIFT_OPTIMIZATION_LEVEL = "-Onone";
			};
			name = Debug;
		};
		2791F4E12BE12B7D0093EA88 /* Release */ = {
			isa = XCBuildConfiguration;
			buildSettings = {
				ALWAYS_SEARCH_USER_PATHS = NO;
				ASSETCATALOG_COMPILER_GENERATE_SWIFT_ASSET_SYMBOL_EXTENSIONS = YES;
				CLANG_ANALYZER_NONNULL = YES;
				CLANG_ANALYZER_NUMBER_OBJECT_CONVERSION = YES_AGGRESSIVE;
				CLANG_CXX_LANGUAGE_STANDARD = "gnu++20";
				CLANG_ENABLE_MODULES = YES;
				CLANG_ENABLE_OBJC_ARC = YES;
				CLANG_ENABLE_OBJC_WEAK = YES;
				CLANG_WARN_BLOCK_CAPTURE_AUTORELEASING = YES;
				CLANG_WARN_BOOL_CONVERSION = YES;
				CLANG_WARN_COMMA = YES;
				CLANG_WARN_CONSTANT_CONVERSION = YES;
				CLANG_WARN_DEPRECATED_OBJC_IMPLEMENTATIONS = YES;
				CLANG_WARN_DIRECT_OBJC_ISA_USAGE = YES_ERROR;
				CLANG_WARN_DOCUMENTATION_COMMENTS = YES;
				CLANG_WARN_EMPTY_BODY = YES;
				CLANG_WARN_ENUM_CONVERSION = YES;
				CLANG_WARN_INFINITE_RECURSION = YES;
				CLANG_WARN_INT_CONVERSION = YES;
				CLANG_WARN_NON_LITERAL_NULL_CONVERSION = YES;
				CLANG_WARN_OBJC_IMPLICIT_RETAIN_SELF = YES;
				CLANG_WARN_OBJC_LITERAL_CONVERSION = YES;
				CLANG_WARN_OBJC_ROOT_CLASS = YES_ERROR;
				CLANG_WARN_QUOTED_INCLUDE_IN_FRAMEWORK_HEADER = YES;
				CLANG_WARN_RANGE_LOOP_ANALYSIS = YES;
				CLANG_WARN_STRICT_PROTOTYPES = YES;
				CLANG_WARN_SUSPICIOUS_MOVE = YES;
				CLANG_WARN_UNGUARDED_AVAILABILITY = YES_AGGRESSIVE;
				CLANG_WARN_UNREACHABLE_CODE = YES;
				CLANG_WARN__DUPLICATE_METHOD_MATCH = YES;
				COPY_PHASE_STRIP = NO;
				DEBUG_INFORMATION_FORMAT = "dwarf-with-dsym";
				ENABLE_NS_ASSERTIONS = NO;
				ENABLE_STRICT_OBJC_MSGSEND = YES;
				ENABLE_USER_SCRIPT_SANDBOXING = YES;
				GCC_C_LANGUAGE_STANDARD = gnu17;
				GCC_NO_COMMON_BLOCKS = YES;
				GCC_WARN_64_TO_32_BIT_CONVERSION = YES;
				GCC_WARN_ABOUT_RETURN_TYPE = YES_ERROR;
				GCC_WARN_UNDECLARED_SELECTOR = YES;
				GCC_WARN_UNINITIALIZED_AUTOS = YES_AGGRESSIVE;
				GCC_WARN_UNUSED_FUNCTION = YES;
				GCC_WARN_UNUSED_VARIABLE = YES;
				LOCALIZATION_PREFERS_STRING_CATALOGS = YES;
				MACOSX_DEPLOYMENT_TARGET = 14.4;
				MTL_ENABLE_DEBUG_INFO = NO;
				MTL_FAST_MATH = YES;
				SDKROOT = macosx;
				SWIFT_COMPILATION_MODE = wholemodule;
			};
			name = Release;
		};
		2791F4E32BE12B7D0093EA88 /* Debug */ = {
			isa = XCBuildConfiguration;
			buildSettings = {
				ASSETCATALOG_COMPILER_APPICON_NAME = AppIcon;
				ASSETCATALOG_COMPILER_GLOBAL_ACCENT_COLOR_NAME = AccentColor;
				CODE_SIGN_ENTITLEMENTS = SusMonitorApp/SusMonitorApp.entitlements;
				CODE_SIGN_STYLE = Automatic;
				COMBINE_HIDPI_IMAGES = YES;
				CURRENT_PROJECT_VERSION = 1;
				DEVELOPMENT_ASSET_PATHS = "\"SusMonitorApp/Preview Content\"";
				DEVELOPMENT_TEAM = 4H5HMKJ6G6;
				ENABLE_HARDENED_RUNTIME = YES;
				ENABLE_PREVIEWS = YES;
				GENERATE_INFOPLIST_FILE = YES;
				INFOPLIST_KEY_NSHumanReadableCopyright = "";
				LD_RUNPATH_SEARCH_PATHS = (
					"$(inherited)",
					"@executable_path/../Frameworks",
				);
				MARKETING_VERSION = 1.0;
				PRODUCT_BUNDLE_IDENTIFIER = "com.afnasa.sus-monitor.SusMonitorApp";
				PRODUCT_NAME = "$(TARGET_NAME)";
				SWIFT_EMIT_LOC_STRINGS = YES;
				SWIFT_VERSION = 5.0;
			};
			name = Debug;
		};
		2791F4E42BE12B7D0093EA88 /* Release */ = {
			isa = XCBuildConfiguration;
			buildSettings = {
				ASSETCATALOG_COMPILER_APPICON_NAME = AppIcon;
				ASSETCATALOG_COMPILER_GLOBAL_ACCENT_COLOR_NAME = AccentColor;
				CODE_SIGN_ENTITLEMENTS = SusMonitorApp/SusMonitorApp.entitlements;
				CODE_SIGN_STYLE = Automatic;
				COMBINE_HIDPI_IMAGES = YES;
				CURRENT_PROJECT_VERSION = 1;
				DEVELOPMENT_ASSET_PATHS = "\"SusMonitorApp/Preview Content\"";
				DEVELOPMENT_TEAM = 4H5HMKJ6G6;
				ENABLE_HARDENED_RUNTIME = YES;
				ENABLE_PREVIEWS = YES;
				GENERATE_INFOPLIST_FILE = YES;
				INFOPLIST_KEY_NSHumanReadableCopyright = "";
				LD_RUNPATH_SEARCH_PATHS = (
					"$(inherited)",
					"@executable_path/../Frameworks",
				);
				MARKETING_VERSION = 1.0;
				PRODUCT_BUNDLE_IDENTIFIER = "com.afnasa.sus-monitor.SusMonitorApp";
				PRODUCT_NAME = "$(TARGET_NAME)";
				SWIFT_EMIT_LOC_STRINGS = YES;
				SWIFT_VERSION = 5.0;
			};
			name = Release;
		};
		2791F4E62BE12B7D0093EA88 /* Debug */ = {
			isa = XCBuildConfiguration;
			buildSettings = {
				ALWAYS_EMBED_SWIFT_STANDARD_LIBRARIES = YES;
				BUNDLE_LOADER = "$(TEST_HOST)";
				CODE_SIGN_STYLE = Automatic;
				CURRENT_PROJECT_VERSION = 1;
				DEVELOPMENT_TEAM = 4H5HMKJ6G6;
				GENERATE_INFOPLIST_FILE = YES;
				MACOSX_DEPLOYMENT_TARGET = 14.4;
				MARKETING_VERSION = 1.0;
				PRODUCT_BUNDLE_IDENTIFIER = "com.afnasa.sus-monitor.SusMonitorAppTests";
				PRODUCT_NAME = "$(TARGET_NAME)";
				SWIFT_EMIT_LOC_STRINGS = NO;
				SWIFT_VERSION = 5.0;
				TEST_HOST = "$(BUILT_PRODUCTS_DIR)/SusMonitorApp.app/$(BUNDLE_EXECUTABLE_FOLDER_PATH)/SusMonitorApp";
			};
			name = Debug;
		};
		2791F4E72BE12B7D0093EA88 /* Release */ = {
			isa = XCBuildConfiguration;
			buildSettings = {
				ALWAYS_EMBED_SWIFT_STANDARD_LIBRARIES = YES;
				BUNDLE_LOADER = "$(TEST_HOST)";
				CODE_SIGN_STYLE = Automatic;
				CURRENT_PROJECT_VERSION = 1;
				DEVELOPMENT_TEAM = 4H5HMKJ6G6;
				GENERATE_INFOPLIST_FILE = YES;
				MACOSX_DEPLOYMENT_TARGET = 14.4;
				MARKETING_VERSION = 1.0;
				PRODUCT_BUNDLE_IDENTIFIER = "com.afnasa.sus-monitor.SusMonitorAppTests";
				PRODUCT_NAME = "$(TARGET_NAME)";
				SWIFT_EMIT_LOC_STRINGS = NO;
				SWIFT_VERSION = 5.0;
				TEST_HOST = "$(BUILT_PRODUCTS_DIR)/SusMonitorApp.app/$(BUNDLE_EXECUTABLE_FOLDER_PATH)/SusMonitorApp";
			};
			name = Release;
		};
		2791F4E92BE12B7D0093EA88 /* Debug */ = {
			isa = XCBuildConfiguration;
			buildSettings = {
				ALWAYS_EMBED_SWIFT_STANDARD_LIBRARIES = YES;
				CODE_SIGN_STYLE = Automatic;
				CURRENT_PROJECT_VERSION = 1;
				DEVELOPMENT_TEAM = 4H5HMKJ6G6;
				GENERATE_INFOPLIST_FILE = YES;
				MARKETING_VERSION = 1.0;
				PRODUCT_BUNDLE_IDENTIFIER = "com.afnasa.sus-monitor.SusMonitorAppUITests";
				PRODUCT_NAME = "$(TARGET_NAME)";
				SWIFT_EMIT_LOC_STRINGS = NO;
				SWIFT_VERSION = 5.0;
				TEST_TARGET_NAME = SusMonitorApp;
			};
			name = Debug;
		};
		2791F4EA2BE12B7D0093EA88 /* Release */ = {
			isa = XCBuildConfiguration;
			buildSettings = {
				ALWAYS_EMBED_SWIFT_STANDARD_LIBRARIES = YES;
				CODE_SIGN_STYLE = Automatic;
				CURRENT_PROJECT_VERSION = 1;
				DEVELOPMENT_TEAM = 4H5HMKJ6G6;
				GENERATE_INFOPLIST_FILE = YES;
				MARKETING_VERSION = 1.0;
				PRODUCT_BUNDLE_IDENTIFIER = "com.afnasa.sus-monitor.SusMonitorAppUITests";
				PRODUCT_NAME = "$(TARGET_NAME)";
				SWIFT_EMIT_LOC_STRINGS = NO;
				SWIFT_VERSION = 5.0;
				TEST_TARGET_NAME = SusMonitorApp;
			};
			name = Release;
		};
/* End XCBuildConfiguration section */

/* Begin XCConfigurationList section */
		2791F4B82BE12B7B0093EA88 /* Build configuration list for PBXProject "SusMonitorApp" */ = {
			isa = XCConfigurationList;
			buildConfigurations = (
				2791F4E02BE12B7D0093EA88 /* Debug */,
				2791F4E12BE12B7D0093EA88 /* Release */,
			);
			defaultConfigurationIsVisible = 0;
			defaultConfigurationName = Release;
		};
		2791F4E22BE12B7D0093EA88 /* Build configuration list for PBXNativeTarget "SusMonitorApp" */ = {
			isa = XCConfigurationList;
			buildConfigurations = (
				2791F4E32BE12B7D0093EA88 /* Debug */,
				2791F4E42BE12B7D0093EA88 /* Release */,
			);
			defaultConfigurationIsVisible = 0;
			defaultConfigurationName = Release;
		};
		2791F4E52BE12B7D0093EA88 /* Build configuration list for PBXNativeTarget "SusMonitorAppTests" */ = {
			isa = XCConfigurationList;
			buildConfigurations = (
				2791F4E62BE12B7D0093EA88 /* Debug */,
				2791F4E72BE12B7D0093EA88 /* Release */,
			);
			defaultConfigurationIsVisible = 0;
			defaultConfigurationName = Release;
		};
		2791F4E82BE12B7D0093EA88 /* Build configuration list for PBXNativeTarget "SusMonitorAppUITests" */ = {
			isa = XCConfigurationList;
			buildConfigurations = (
				2791F4E92BE12B7D0093EA88 /* Debug */,
				2791F4EA2BE12B7D0093EA88 /* Release */,
			);
			defaultConfigurationIsVisible = 0;
			defaultConfigurationName = Release;
		};
/* End XCConfigurationList section */
	};
	rootObject = 2791F4B52BE12B7B0093EA88 /* Project object */;
}
